// !$*UTF8*$!
{
	archiveVersion = 1;
	classes = {
	};
	objectVersion = 77;
	objects = {

/* Begin PBXBuildFile section */
		8F32DB0C2F0076C9006BCA97 /* README.md in Resources */ = {isa = PBXBuildFile; fileRef = 8F32DB0B2F0076C9006BCA97 /* README.md */; };
		8F4D9DA62F003D3D0085CDE2 /* BackgroundUploadExtension.appex in Embed ExtensionKit Extensions */ = {isa = PBXBuildFile; fileRef = 8F4D9D9F2F003D3D0085CDE2 /* BackgroundUploadExtension.appex */; settings = {ATTRIBUTES = (RemoveHeadersOnCopy, ); }; };
		8FBACC712F007947009ABF1B /* LICENSE in Resources */ = {isa = PBXBuildFile; fileRef = 8FBACC702F007947009ABF1B /* LICENSE */; };
		8FBACC722F007947009ABF1B /* LICENSE in Resources */ = {isa = PBXBuildFile; fileRef = 8FBACC702F007947009ABF1B /* LICENSE */; };
/* End PBXBuildFile section */

/* Begin PBXContainerItemProxy section */
		8F4D9DA42F003D3D0085CDE2 /* PBXContainerItemProxy */ = {
			isa = PBXContainerItemProxy;
			containerPortal = 8FDBD8322F001ED700BDF436 /* Project object */;
			proxyType = 1;
			remoteGlobalIDString = 8F4D9D9E2F003D3D0085CDE2;
			remoteInfo = BackgroundUploadExtension;
		};
/* End PBXContainerItemProxy section */

/* Begin PBXCopyFilesBuildPhase section */
		8F4D9DAB2F003D3D0085CDE2 /* Embed ExtensionKit Extensions */ = {
			isa = PBXCopyFilesBuildPhase;
			buildActionMask = 2147483647;
			dstPath = "$(EXTENSIONS_FOLDER_PATH)";
			dstSubfolderSpec = 16;
			files = (
				8F4D9DA62F003D3D0085CDE2 /* BackgroundUploadExtension.appex in Embed ExtensionKit Extensions */,
			);
			name = "Embed ExtensionKit Extensions";
			runOnlyForDeploymentPostprocessing = 0;
		};
/* End PBXCopyFilesBuildPhase section */

/* Begin PBXFileReference section */
		8F32DB0B2F0076C9006BCA97 /* README.md */ = {isa = PBXFileReference; lastKnownFileType = net.daringfireball.markdown; path = README.md; sourceTree = "<group>"; };
		8F4D9D9F2F003D3D0085CDE2 /* BackgroundUploadExtension.appex */ = {isa = PBXFileReference; explicitFileType = "wrapper.extensionkit-extension"; includeInIndex = 0; path = BackgroundUploadExtension.appex; sourceTree = BUILT_PRODUCTS_DIR; };
		8FBACC702F007947009ABF1B /* LICENSE */ = {isa = PBXFileReference; lastKnownFileType = text; path = LICENSE; sourceTree = "<group>"; };
		8FDBD83A2F001ED700BDF436 /* photo-uploader-for-immich.app */ = {isa = PBXFileReference; explicitFileType = wrapper.application; includeInIndex = 0; path = "photo-uploader-for-immich.app"; sourceTree = BUILT_PRODUCTS_DIR; };
/* End PBXFileReference section */

/* Begin PBXFileSystemSynchronizedBuildFileExceptionSet section */
		8F4D9DA72F003D3D0085CDE2 /* Exceptions for "BackgroundUploadExtension" folder in "BackgroundUploadExtension" target */ = {
			isa = PBXFileSystemSynchronizedBuildFileExceptionSet;
			membershipExceptions = (
				Info.plist,
			);
			target = 8F4D9D9E2F003D3D0085CDE2 /* BackgroundUploadExtension */;
		};
		8F4D9DAF2F003E990085CDE2 /* Exceptions for "photo-uploader-for-immich" folder in "BackgroundUploadExtension" target */ = {
			isa = PBXFileSystemSynchronizedBuildFileExceptionSet;
			membershipExceptions = (
				KeychainManager.swift,
				SettingsManager.swift,
				UploadTracker.swift,
			);
			target = 8F4D9D9E2F003D3D0085CDE2 /* BackgroundUploadExtension */;
		};
/* End PBXFileSystemSynchronizedBuildFileExceptionSet section */

/* Begin PBXFileSystemSynchronizedRootGroup section */
		8F4D9DA02F003D3D0085CDE2 /* BackgroundUploadExtension */ = {
			isa = PBXFileSystemSynchronizedRootGroup;
			exceptions = (
				8F4D9DA72F003D3D0085CDE2 /* Exceptions for "BackgroundUploadExtension" folder in "BackgroundUploadExtension" target */,
			);
			path = BackgroundUploadExtension;
			sourceTree = "<group>";
		};
		8FDBD83C2F001ED700BDF436 /* photo-uploader-for-immich */ = {
			isa = PBXFileSystemSynchronizedRootGroup;
			exceptions = (
				8F4D9DAF2F003E990085CDE2 /* Exceptions for "photo-uploader-for-immich" folder in "BackgroundUploadExtension" target */,
			);
			path = "photo-uploader-for-immich";
			sourceTree = "<group>";
		};
/* End PBXFileSystemSynchronizedRootGroup section */

/* Begin PBXFrameworksBuildPhase section */
		8F4D9D9C2F003D3D0085CDE2 /* Frameworks */ = {
			isa = PBXFrameworksBuildPhase;
			buildActionMask = 2147483647;
			files = (
			);
			runOnlyForDeploymentPostprocessing = 0;
		};
		8FDBD8372F001ED700BDF436 /* Frameworks */ = {
			isa = PBXFrameworksBuildPhase;
			buildActionMask = 2147483647;
			files = (
			);
			runOnlyForDeploymentPostprocessing = 0;
		};
/* End PBXFrameworksBuildPhase section */

/* Begin PBXGroup section */
		8FDBD8312F001ED700BDF436 = {
			isa = PBXGroup;
			children = (
				8FBACC702F007947009ABF1B /* LICENSE */,
				8F32DB0B2F0076C9006BCA97 /* README.md */,
				8FDBD83C2F001ED700BDF436 /* photo-uploader-for-immich */,
				8F4D9DA02F003D3D0085CDE2 /* BackgroundUploadExtension */,
				8FDBD83B2F001ED700BDF436 /* Products */,
			);
			sourceTree = "<group>";
		};
		8FDBD83B2F001ED700BDF436 /* Products */ = {
			isa = PBXGroup;
			children = (
				8FDBD83A2F001ED700BDF436 /* photo-uploader-for-immich.app */,
				8F4D9D9F2F003D3D0085CDE2 /* BackgroundUploadExtension.appex */,
			);
			name = Products;
			sourceTree = "<group>";
		};
/* End PBXGroup section */

/* Begin PBXNativeTarget section */
		8F4D9D9E2F003D3D0085CDE2 /* BackgroundUploadExtension */ = {
			isa = PBXNativeTarget;
			buildConfigurationList = 8F4D9DA82F003D3D0085CDE2 /* Build configuration list for PBXNativeTarget "BackgroundUploadExtension" */;
			buildPhases = (
				8F4D9D9B2F003D3D0085CDE2 /* Sources */,
				8F4D9D9C2F003D3D0085CDE2 /* Frameworks */,
				8F4D9D9D2F003D3D0085CDE2 /* Resources */,
			);
			buildRules = (
			);
			dependencies = (
			);
			fileSystemSynchronizedGroups = (
				8F4D9DA02F003D3D0085CDE2 /* BackgroundUploadExtension */,
			);
			name = BackgroundUploadExtension;
			packageProductDependencies = (
			);
			productName = BackgroundUploadExtension;
			productReference = 8F4D9D9F2F003D3D0085CDE2 /* BackgroundUploadExtension.appex */;
			productType = "com.apple.product-type.extensionkit-extension";
		};
		8FDBD8392F001ED700BDF436 /* photo-uploader-for-immich */ = {
			isa = PBXNativeTarget;
			buildConfigurationList = 8FDBD8472F001ED800BDF436 /* Build configuration list for PBXNativeTarget "photo-uploader-for-immich" */;
			buildPhases = (
				8FDBD8362F001ED700BDF436 /* Sources */,
				8FDBD8372F001ED700BDF436 /* Frameworks */,
				8FDBD8382F001ED700BDF436 /* Resources */,
				8F4D9DAB2F003D3D0085CDE2 /* Embed ExtensionKit Extensions */,
			);
			buildRules = (
			);
			dependencies = (
				8F4D9DA52F003D3D0085CDE2 /* PBXTargetDependency */,
			);
			fileSystemSynchronizedGroups = (
				8FDBD83C2F001ED700BDF436 /* photo-uploader-for-immich */,
			);
			name = "photo-uploader-for-immich";
			packageProductDependencies = (
			);
			productName = "photo-uploader-for-immich";
			productReference = 8FDBD83A2F001ED700BDF436 /* photo-uploader-for-immich.app */;
			productType = "com.apple.product-type.application";
		};
/* End PBXNativeTarget section */

/* Begin PBXProject section */
		8FDBD8322F001ED700BDF436 /* Project object */ = {
			isa = PBXProject;
			attributes = {
				BuildIndependentTargetsInParallel = 1;
				LastSwiftUpdateCheck = 2620;
				LastUpgradeCheck = 2620;
				TargetAttributes = {
					8F4D9D9E2F003D3D0085CDE2 = {
						CreatedOnToolsVersion = 26.2;
					};
					8FDBD8392F001ED700BDF436 = {
						CreatedOnToolsVersion = 26.2;
					};
				};
			};
			buildConfigurationList = 8FDBD8352F001ED700BDF436 /* Build configuration list for PBXProject "photo-uploader-for-immich" */;
			developmentRegion = en;
			hasScannedForEncodings = 0;
			knownRegions = (
				en,
				Base,
			);
			mainGroup = 8FDBD8312F001ED700BDF436;
			minimizedProjectReferenceProxies = 1;
			preferredProjectObjectVersion = 77;
			productRefGroup = 8FDBD83B2F001ED700BDF436 /* Products */;
			projectDirPath = "";
			projectRoot = "";
			targets = (
				8FDBD8392F001ED700BDF436 /* photo-uploader-for-immich */,
				8F4D9D9E2F003D3D0085CDE2 /* BackgroundUploadExtension */,
			);
		};
/* End PBXProject section */

/* Begin PBXResourcesBuildPhase section */
		8F4D9D9D2F003D3D0085CDE2 /* Resources */ = {
			isa = PBXResourcesBuildPhase;
			buildActionMask = 2147483647;
			files = (
				8FBACC722F007947009ABF1B /* LICENSE in Resources */,
				8F32DB0C2F0076C9006BCA97 /* README.md in Resources */,
			);
			runOnlyForDeploymentPostprocessing = 0;
		};
		8FDBD8382F001ED700BDF436 /* Resources */ = {
			isa = PBXResourcesBuildPhase;
			buildActionMask = 2147483647;
			files = (
				8FBACC712F007947009ABF1B /* LICENSE in Resources */,
			);
			runOnlyForDeploymentPostprocessing = 0;
		};
/* End PBXResourcesBuildPhase section */

/* Begin PBXSourcesBuildPhase section */
		8F4D9D9B2F003D3D0085CDE2 /* Sources */ = {
			isa = PBXSourcesBuildPhase;
			buildActionMask = 2147483647;
			files = (
			);
			runOnlyForDeploymentPostprocessing = 0;
		};
		8FDBD8362F001ED700BDF436 /* Sources */ = {
			isa = PBXSourcesBuildPhase;
			buildActionMask = 2147483647;
			files = (
			);
			runOnlyForDeploymentPostprocessing = 0;
		};
/* End PBXSourcesBuildPhase section */

/* Begin PBXTargetDependency section */
		8F4D9DA52F003D3D0085CDE2 /* PBXTargetDependency */ = {
			isa = PBXTargetDependency;
			target = 8F4D9D9E2F003D3D0085CDE2 /* BackgroundUploadExtension */;
			targetProxy = 8F4D9DA42F003D3D0085CDE2 /* PBXContainerItemProxy */;
		};
/* End PBXTargetDependency section */

/* Begin XCBuildConfiguration section */
		8F4D9DA92F003D3D0085CDE2 /* Debug */ = {
			isa = XCBuildConfiguration;
			buildSettings = {
				CODE_SIGN_ENTITLEMENTS = BackgroundUploadExtension/BackgroundUploadExtension.entitlements;
				CODE_SIGN_STYLE = Automatic;
				CURRENT_PROJECT_VERSION = 1;
				DEVELOPMENT_TEAM = 9QKR972YN7;
				GENERATE_INFOPLIST_FILE = YES;
				INFOPLIST_FILE = BackgroundUploadExtension/Info.plist;
				INFOPLIST_KEY_CFBundleDisplayName = BackgroundUploadExtension;
				INFOPLIST_KEY_NSHumanReadableCopyright = "";
				LD_RUNPATH_SEARCH_PATHS = (
					"$(inherited)",
					"@executable_path/Frameworks",
					"@executable_path/../../Frameworks",
				);
				MARKETING_VERSION = 1.0;
				PRODUCT_BUNDLE_IDENTIFIER = "vanillezucker.photo-uploader-for-immich-new.BackgroundUploadExtension";
				PRODUCT_NAME = "$(TARGET_NAME)";
				SKIP_INSTALL = YES;
				STRING_CATALOG_GENERATE_SYMBOLS = YES;
				SWIFT_APPROACHABLE_CONCURRENCY = YES;
				SWIFT_EMIT_LOC_STRINGS = YES;
				SWIFT_UPCOMING_FEATURE_MEMBER_IMPORT_VISIBILITY = YES;
				SWIFT_VERSION = 5.0;
				TARGETED_DEVICE_FAMILY = "1,2";
			};
			name = Debug;
		};
		8F4D9DAA2F003D3D0085CDE2 /* Release */ = {
			isa = XCBuildConfiguration;
			buildSettings = {
				CODE_SIGN_ENTITLEMENTS = BackgroundUploadExtension/BackgroundUploadExtension.entitlements;
				CODE_SIGN_STYLE = Automatic;
				CURRENT_PROJECT_VERSION = 1;
				DEVELOPMENT_TEAM = 9QKR972YN7;
				GENERATE_INFOPLIST_FILE = YES;
				INFOPLIST_FILE = BackgroundUploadExtension/Info.plist;
				INFOPLIST_KEY_CFBundleDisplayName = BackgroundUploadExtension;
				INFOPLIST_KEY_NSHumanReadableCopyright = "";
				LD_RUNPATH_SEARCH_PATHS = (
					"$(inherited)",
					"@executable_path/Frameworks",
					"@executable_path/../../Frameworks",
				);
				MARKETING_VERSION = 1.0;
				PRODUCT_BUNDLE_IDENTIFIER = "vanillezucker.photo-uploader-for-immich-new.BackgroundUploadExtension";
				PRODUCT_NAME = "$(TARGET_NAME)";
				SKIP_INSTALL = YES;
				STRING_CATALOG_GENERATE_SYMBOLS = YES;
				SWIFT_APPROACHABLE_CONCURRENCY = YES;
				SWIFT_EMIT_LOC_STRINGS = YES;
				SWIFT_UPCOMING_FEATURE_MEMBER_IMPORT_VISIBILITY = YES;
				SWIFT_VERSION = 5.0;
				TARGETED_DEVICE_FAMILY = "1,2";
			};
			name = Release;
		};
		8FDBD8452F001ED800BDF436 /* Debug */ = {
			isa = XCBuildConfiguration;
			buildSettings = {
				ALWAYS_SEARCH_USER_PATHS = NO;
				ASSETCATALOG_COMPILER_GENERATE_SWIFT_ASSET_SYMBOL_EXTENSIONS = YES;
				CLANG_ANALYZER_NONNULL = YES;
				CLANG_ANALYZER_NUMBER_OBJECT_CONVERSION = YES_AGGRESSIVE;
				CLANG_CXX_LANGUAGE_STANDARD = "gnu++20";
				CLANG_ENABLE_MODULES = YES;
				CLANG_ENABLE_OBJC_ARC = YES;
				CLANG_ENABLE_OBJC_WEAK = YES;
				CLANG_WARN_BLOCK_CAPTURE_AUTORELEASING = YES;
				CLANG_WARN_BOOL_CONVERSION = YES;
				CLANG_WARN_COMMA = YES;
				CLANG_WARN_CONSTANT_CONVERSION = YES;
				CLANG_WARN_DEPRECATED_OBJC_IMPLEMENTATIONS = YES;
				CLANG_WARN_DIRECT_OBJC_ISA_USAGE = YES_ERROR;
				CLANG_WARN_DOCUMENTATION_COMMENTS = YES;
				CLANG_WARN_EMPTY_BODY = YES;
				CLANG_WARN_ENUM_CONVERSION = YES;
				CLANG_WARN_INFINITE_RECURSION = YES;
				CLANG_WARN_INT_CONVERSION = YES;
				CLANG_WARN_NON_LITERAL_NULL_CONVERSION = YES;
				CLANG_WARN_OBJC_IMPLICIT_RETAIN_SELF = YES;
				CLANG_WARN_OBJC_LITERAL_CONVERSION = YES;
				CLANG_WARN_OBJC_ROOT_CLASS = YES_ERROR;
				CLANG_WARN_QUOTED_INCLUDE_IN_FRAMEWORK_HEADER = YES;
				CLANG_WARN_RANGE_LOOP_ANALYSIS = YES;
				CLANG_WARN_STRICT_PROTOTYPES = YES;
				CLANG_WARN_SUSPICIOUS_MOVE = YES;
				CLANG_WARN_UNGUARDED_AVAILABILITY = YES_AGGRESSIVE;
				CLANG_WARN_UNREACHABLE_CODE = YES;
				CLANG_WARN__DUPLICATE_METHOD_MATCH = YES;
				COPY_PHASE_STRIP = NO;
				DEBUG_INFORMATION_FORMAT = dwarf;
				DEVELOPMENT_TEAM = 9QKR972YN7;
				ENABLE_STRICT_OBJC_MSGSEND = YES;
				ENABLE_TESTABILITY = YES;
				ENABLE_USER_SCRIPT_SANDBOXING = YES;
				GCC_C_LANGUAGE_STANDARD = gnu17;
				GCC_DYNAMIC_NO_PIC = NO;
				GCC_NO_COMMON_BLOCKS = YES;
				GCC_OPTIMIZATION_LEVEL = 0;
				GCC_PREPROCESSOR_DEFINITIONS = (
					"DEBUG=1",
					"$(inherited)",
				);
				GCC_WARN_64_TO_32_BIT_CONVERSION = YES;
				GCC_WARN_ABOUT_RETURN_TYPE = YES_ERROR;
				GCC_WARN_UNDECLARED_SELECTOR = YES;
				GCC_WARN_UNINITIALIZED_AUTOS = YES_AGGRESSIVE;
				GCC_WARN_UNUSED_FUNCTION = YES;
				GCC_WARN_UNUSED_VARIABLE = YES;
				IPHONEOS_DEPLOYMENT_TARGET = 26.2;
				LOCALIZATION_PREFERS_STRING_CATALOGS = YES;
				MTL_ENABLE_DEBUG_INFO = INCLUDE_SOURCE;
				MTL_FAST_MATH = YES;
				ONLY_ACTIVE_ARCH = YES;
				SDKROOT = iphoneos;
				SWIFT_ACTIVE_COMPILATION_CONDITIONS = "DEBUG $(inherited)";
				SWIFT_OPTIMIZATION_LEVEL = "-Onone";
			};
			name = Debug;
		};
		8FDBD8462F001ED800BDF436 /* Release */ = {
			isa = XCBuildConfiguration;
			buildSettings = {
				ALWAYS_SEARCH_USER_PATHS = NO;
				ASSETCATALOG_COMPILER_GENERATE_SWIFT_ASSET_SYMBOL_EXTENSIONS = YES;
				CLANG_ANALYZER_NONNULL = YES;
				CLANG_ANALYZER_NUMBER_OBJECT_CONVERSION = YES_AGGRESSIVE;
				CLANG_CXX_LANGUAGE_STANDARD = "gnu++20";
				CLANG_ENABLE_MODULES = YES;
				CLANG_ENABLE_OBJC_ARC = YES;
				CLANG_ENABLE_OBJC_WEAK = YES;
				CLANG_WARN_BLOCK_CAPTURE_AUTORELEASING = YES;
				CLANG_WARN_BOOL_CONVERSION = YES;
				CLANG_WARN_COMMA = YES;
				CLANG_WARN_CONSTANT_CONVERSION = YES;
				CLANG_WARN_DEPRECATED_OBJC_IMPLEMENTATIONS = YES;
				CLANG_WARN_DIRECT_OBJC_ISA_USAGE = YES_ERROR;
				CLANG_WARN_DOCUMENTATION_COMMENTS = YES;
				CLANG_WARN_EMPTY_BODY = YES;
				CLANG_WARN_ENUM_CONVERSION = YES;
				CLANG_WARN_INFINITE_RECURSION = YES;
				CLANG_WARN_INT_CONVERSION = YES;
				CLANG_WARN_NON_LITERAL_NULL_CONVERSION = YES;
				CLANG_WARN_OBJC_IMPLICIT_RETAIN_SELF = YES;
				CLANG_WARN_OBJC_LITERAL_CONVERSION = YES;
				CLANG_WARN_OBJC_ROOT_CLASS = YES_ERROR;
				CLANG_WARN_QUOTED_INCLUDE_IN_FRAMEWORK_HEADER = YES;
				CLANG_WARN_RANGE_LOOP_ANALYSIS = YES;
				CLANG_WARN_STRICT_PROTOTYPES = YES;
				CLANG_WARN_SUSPICIOUS_MOVE = YES;
				CLANG_WARN_UNGUARDED_AVAILABILITY = YES_AGGRESSIVE;
				CLANG_WARN_UNREACHABLE_CODE = YES;
				CLANG_WARN__DUPLICATE_METHOD_MATCH = YES;
				COPY_PHASE_STRIP = NO;
				DEBUG_INFORMATION_FORMAT = "dwarf-with-dsym";
				DEVELOPMENT_TEAM = 9QKR972YN7;
				ENABLE_NS_ASSERTIONS = NO;
				ENABLE_STRICT_OBJC_MSGSEND = YES;
				ENABLE_USER_SCRIPT_SANDBOXING = YES;
				GCC_C_LANGUAGE_STANDARD = gnu17;
				GCC_NO_COMMON_BLOCKS = YES;
				GCC_WARN_64_TO_32_BIT_CONVERSION = YES;
				GCC_WARN_ABOUT_RETURN_TYPE = YES_ERROR;
				GCC_WARN_UNDECLARED_SELECTOR = YES;
				GCC_WARN_UNINITIALIZED_AUTOS = YES_AGGRESSIVE;
				GCC_WARN_UNUSED_FUNCTION = YES;
				GCC_WARN_UNUSED_VARIABLE = YES;
				IPHONEOS_DEPLOYMENT_TARGET = 26.2;
				LOCALIZATION_PREFERS_STRING_CATALOGS = YES;
				MTL_ENABLE_DEBUG_INFO = NO;
				MTL_FAST_MATH = YES;
				SDKROOT = iphoneos;
				SWIFT_COMPILATION_MODE = wholemodule;
				VALIDATE_PRODUCT = YES;
			};
			name = Release;
		};
		8FDBD8482F001ED800BDF436 /* Debug */ = {
			isa = XCBuildConfiguration;
			buildSettings = {
				ASSETCATALOG_COMPILER_APPICON_NAME = AppIcon;
				ASSETCATALOG_COMPILER_GLOBAL_ACCENT_COLOR_NAME = AccentColor;
				CODE_SIGN_ENTITLEMENTS = "photo-uploader-for-immich/photo-uploader-for-immich.entitlements";
				CODE_SIGN_STYLE = Automatic;
				CURRENT_PROJECT_VERSION = 1;
				DEVELOPMENT_TEAM = 9QKR972YN7;
				ENABLE_PREVIEWS = YES;
				GENERATE_INFOPLIST_FILE = YES;
				INFOPLIST_KEY_NSPhotoLibraryUsageDescription = "This app needs access to your photo library to upload photos to your Immich server.";
				INFOPLIST_KEY_UIApplicationSceneManifest_Generation = YES;
				INFOPLIST_KEY_UIApplicationSupportsIndirectInputEvents = YES;
				INFOPLIST_KEY_UILaunchScreen_Generation = YES;
				INFOPLIST_KEY_UISupportedInterfaceOrientations_iPad = "UIInterfaceOrientationPortrait UIInterfaceOrientationPortraitUpsideDown UIInterfaceOrientationLandscapeLeft UIInterfaceOrientationLandscapeRight";
				INFOPLIST_KEY_UISupportedInterfaceOrientations_iPhone = "UIInterfaceOrientationPortrait UIInterfaceOrientationLandscapeLeft UIInterfaceOrientationLandscapeRight";
				LD_RUNPATH_SEARCH_PATHS = (
					"$(inherited)",
					"@executable_path/Frameworks",
				);
				MARKETING_VERSION = 1.0;
				PRODUCT_BUNDLE_IDENTIFIER = "vanillezucker.photo-uploader-for-immich-new";
				PRODUCT_NAME = "$(TARGET_NAME)";
				STRING_CATALOG_GENERATE_SYMBOLS = YES;
				SWIFT_APPROACHABLE_CONCURRENCY = YES;
				SWIFT_DEFAULT_ACTOR_ISOLATION = MainActor;
				SWIFT_EMIT_LOC_STRINGS = YES;
				SWIFT_UPCOMING_FEATURE_MEMBER_IMPORT_VISIBILITY = YES;
				SWIFT_VERSION = 5.0;
				TARGETED_DEVICE_FAMILY = "1,2";
			};
			name = Debug;
		};
		8FDBD8492F001ED800BDF436 /* Release */ = {
			isa = XCBuildConfiguration;
			buildSettings = {
				ASSETCATALOG_COMPILER_APPICON_NAME = AppIcon;
				ASSETCATALOG_COMPILER_GLOBAL_ACCENT_COLOR_NAME = AccentColor;
				CODE_SIGN_ENTITLEMENTS = "photo-uploader-for-immich/photo-uploader-for-immich.entitlements";
				CODE_SIGN_STYLE = Automatic;
				CURRENT_PROJECT_VERSION = 1;
				DEVELOPMENT_TEAM = 9QKR972YN7;
				ENABLE_PREVIEWS = YES;
				GENERATE_INFOPLIST_FILE = YES;
				INFOPLIST_KEY_NSPhotoLibraryUsageDescription = "This app needs access to your photo library to upload photos to your Immich server.";
				INFOPLIST_KEY_UIApplicationSceneManifest_Generation = YES;
				INFOPLIST_KEY_UIApplicationSupportsIndirectInputEvents = YES;
				INFOPLIST_KEY_UILaunchScreen_Generation = YES;
				INFOPLIST_KEY_UISupportedInterfaceOrientations_iPad = "UIInterfaceOrientationPortrait UIInterfaceOrientationPortraitUpsideDown UIInterfaceOrientationLandscapeLeft UIInterfaceOrientationLandscapeRight";
				INFOPLIST_KEY_UISupportedInterfaceOrientations_iPhone = "UIInterfaceOrientationPortrait UIInterfaceOrientationLandscapeLeft UIInterfaceOrientationLandscapeRight";
				LD_RUNPATH_SEARCH_PATHS = (
					"$(inherited)",
					"@executable_path/Frameworks",
				);
				MARKETING_VERSION = 1.0;
				PRODUCT_BUNDLE_IDENTIFIER = "vanillezucker.photo-uploader-for-immich-new";
				PRODUCT_NAME = "$(TARGET_NAME)";
				STRING_CATALOG_GENERATE_SYMBOLS = YES;
				SWIFT_APPROACHABLE_CONCURRENCY = YES;
				SWIFT_DEFAULT_ACTOR_ISOLATION = MainActor;
				SWIFT_EMIT_LOC_STRINGS = YES;
				SWIFT_UPCOMING_FEATURE_MEMBER_IMPORT_VISIBILITY = YES;
				SWIFT_VERSION = 5.0;
				TARGETED_DEVICE_FAMILY = "1,2";
			};
			name = Release;
		};
/* End XCBuildConfiguration section */

/* Begin XCConfigurationList section */
		8F4D9DA82F003D3D0085CDE2 /* Build configuration list for PBXNativeTarget "BackgroundUploadExtension" */ = {
			isa = XCConfigurationList;
			buildConfigurations = (
				8F4D9DA92F003D3D0085CDE2 /* Debug */,
				8F4D9DAA2F003D3D0085CDE2 /* Release */,
			);
			defaultConfigurationIsVisible = 0;
			defaultConfigurationName = Release;
		};
		8FDBD8352F001ED700BDF436 /* Build configuration list for PBXProject "photo-uploader-for-immich" */ = {
			isa = XCConfigurationList;
			buildConfigurations = (
				8FDBD8452F001ED800BDF436 /* Debug */,
				8FDBD8462F001ED800BDF436 /* Release */,
			);
			defaultConfigurationIsVisible = 0;
			defaultConfigurationName = Release;
		};
		8FDBD8472F001ED800BDF436 /* Build configuration list for PBXNativeTarget "photo-uploader-for-immich" */ = {
			isa = XCConfigurationList;
			buildConfigurations = (
				8FDBD8482F001ED800BDF436 /* Debug */,
				8FDBD8492F001ED800BDF436 /* Release */,
			);
			defaultConfigurationIsVisible = 0;
			defaultConfigurationName = Release;
		};
/* End XCConfigurationList section */
	};
	rootObject = 8FDBD8322F001ED700BDF436 /* Project object */;
}
